
Microsoft Visual Studio Solution File, Format Version 12.00
# Visual Studio Version 17
VisualStudioVersion = 17.2.32630.192
MinimumVisualStudioVersion = 10.0.40219.1
Project("{FAE04EC0-301F-11D3-BF4B-00C04F79EFBC}") = "AutosWebApiDapper", "AutosWebApiDapper\AutosWebApiDapper.csproj", "{ED03C2BC-28A2-4987-B0BE-A179082F7BE9}"
EndProject
Project("{2150E333-8FDC-42A3-9474-1A3956D46DE8}") = "Aplicacion", "Aplicacion", "{27CF806D-1136-439A-AC79-E47A492B7A0B}"
EndProject
Project("{2150E333-8FDC-42A3-9474-1A3956D46DE8}") = "Infraestructura", "Infraestructura", "{39601CFC-A851-45B5-B35F-E738CE7FF2F3}"
EndProject
Project("{2150E333-8FDC-42A3-9474-1A3956D46DE8}") = "Servicio", "Servicio", "{661D9B8A-7695-46D0-A1B5-D22EC23C58A2}"
EndProject
Project("{2150E333-8FDC-42A3-9474-1A3956D46DE8}") = "Dominio", "Dominio", "{069730C3-9AC1-43FE-B0BE-1830CD7A6990}"
EndProject
Project("{2150E333-8FDC-42A3-9474-1A3956D46DE8}") = "Transversal", "Transversal", "{1BEFEEDA-6934-4C2E-9185-821A83D1A8C6}"
EndProject
Project("{FAE04EC0-301F-11D3-BF4B-00C04F79EFBC}") = "Autos.Aplicacion.DTO", "Autos.Aplicacion.DTO\Autos.Aplicacion.DTO.csproj", "{5579A858-C4F8-4EC4-9B21-68B17C1CF762}"
EndProject
Project("{FAE04EC0-301F-11D3-BF4B-00C04F79EFBC}") = "Autos.Aplicacion.Interface", "Autos.Aplicacion.Interface\Autos.Aplicacion.Interface.csproj", "{39B4AB03-0296-48AD-8393-28C1051D3726}"
EndProject
Project("{FAE04EC0-301F-11D3-BF4B-00C04F79EFBC}") = "Autos.Aplicacion.Main", "Autos.Aplicacion.Main\Autos.Aplicacion.Main.csproj", "{AB7998C8-1256-4EA7-ACB8-204A52177169}"
EndProject
Project("{FAE04EC0-301F-11D3-BF4B-00C04F79EFBC}") = "Autos.Dominio.Entity", "Autos.Dominio.Entity\Autos.Dominio.Entity.csproj", "{B8685F46-AFE9-41C1-AEAB-E596667371CD}"
EndProject
Project("{FAE04EC0-301F-11D3-BF4B-00C04F79EFBC}") = "Autos.Dominio.Interface", "Autos.Dominio.Interface\Autos.Dominio.Interface.csproj", "{317C2C13-FAF7-4C63-B1D6-ADD7E8239627}"
EndProject
Project("{FAE04EC0-301F-11D3-BF4B-00C04F79EFBC}") = "Autos.Dominio.Core", "Autos.Dominio.Core\Autos.Dominio.Core.csproj", "{0697794B-66B6-430A-9744-D70F3F46DEBF}"
EndProject
Project("{FAE04EC0-301F-11D3-BF4B-00C04F79EFBC}") = "Autos.Infraestructura.Interface", "Autos.Infraestructura.Interface\Autos.Infraestructura.Interface.csproj", "{B67B232D-1F2D-4698-8517-4BE6BF3C3E2A}"
EndProject
Project("{FAE04EC0-301F-11D3-BF4B-00C04F79EFBC}") = "Autos.Infraestructura.Repository", "Autos.Infraestructura.Repository\Autos.Infraestructura.Repository.csproj", "{CA3E119F-C444-428A-B2FB-EEBE86F505FC}"
EndProject
Project("{FAE04EC0-301F-11D3-BF4B-00C04F79EFBC}") = "Autos.Transversal.Commons", "Autos.Transversal.Commons\Autos.Transversal.Commons.csproj", "{10EEAD4A-437F-409B-9B20-550A7085F502}"
EndProject
Project("{FAE04EC0-301F-11D3-BF4B-00C04F79EFBC}") = "Autos.Transversal.Mapper", "Autos.Transversal.Mapper\Autos.Transversal.Mapper.csproj", "{009FA5AA-0687-4FBD-9B6B-354E6A468EC9}"
EndProject
Global
	GlobalSection(SolutionConfigurationPlatforms) = preSolution
		Debug|Any CPU = Debug|Any CPU
		Release|Any CPU = Release|Any CPU
	EndGlobalSection
	GlobalSection(ProjectConfigurationPlatforms) = postSolution
		{ED03C2BC-28A2-4987-B0BE-A179082F7BE9}.Debug|Any CPU.ActiveCfg = Debug|Any CPU
		{ED03C2BC-28A2-4987-B0BE-A179082F7BE9}.Debug|Any CPU.Build.0 = Debug|Any CPU
		{ED03C2BC-28A2-4987-B0BE-A179082F7BE9}.Release|Any CPU.ActiveCfg = Release|Any CPU
		{ED03C2BC-28A2-4987-B0BE-A179082F7BE9}.Release|Any CPU.Build.0 = Release|Any CPU
		{5579A858-C4F8-4EC4-9B21-68B17C1CF762}.Debug|Any CPU.ActiveCfg = Debug|Any CPU
		{5579A858-C4F8-4EC4-9B21-68B17C1CF762}.Debug|Any CPU.Build.0 = Debug|Any CPU
		{5579A858-C4F8-4EC4-9B21-68B17C1CF762}.Release|Any CPU.ActiveCfg = Release|Any CPU
		{5579A858-C4F8-4EC4-9B21-68B17C1CF762}.Release|Any CPU.Build.0 = Release|Any CPU
		{39B4AB03-0296-48AD-8393-28C1051D3726}.Debug|Any CPU.ActiveCfg = Debug|Any CPU
		{39B4AB03-0296-48AD-8393-28C1051D3726}.Debug|Any CPU.Build.0 = Debug|Any CPU
		{39B4AB03-0296-48AD-8393-28C1051D3726}.Release|Any CPU.ActiveCfg = Release|Any CPU
		{39B4AB03-0296-48AD-8393-28C1051D3726}.Release|Any CPU.Build.0 = Release|Any CPU
		{AB7998C8-1256-4EA7-ACB8-204A52177169}.Debug|Any CPU.ActiveCfg = Debug|Any CPU
		{AB7998C8-1256-4EA7-ACB8-204A52177169}.Debug|Any CPU.Build.0 = Debug|Any CPU
		{AB7998C8-1256-4EA7-ACB8-204A52177169}.Release|Any CPU.ActiveCfg = Release|Any CPU
		{AB7998C8-1256-4EA7-ACB8-204A52177169}.Release|Any CPU.Build.0 = Release|Any CPU
		{B8685F46-AFE9-41C1-AEAB-E596667371CD}.Debug|Any CPU.ActiveCfg = Debug|Any CPU
		{B8685F46-AFE9-41C1-AEAB-E596667371CD}.Debug|Any CPU.Build.0 = Debug|Any CPU
		{B8685F46-AFE9-41C1-AEAB-E596667371CD}.Release|Any CPU.ActiveCfg = Release|Any CPU
		{B8685F46-AFE9-41C1-AEAB-E596667371CD}.Release|Any CPU.Build.0 = Release|Any CPU
		{317C2C13-FAF7-4C63-B1D6-ADD7E8239627}.Debug|Any CPU.ActiveCfg = Debug|Any CPU
		{317C2C13-FAF7-4C63-B1D6-ADD7E8239627}.Debug|Any CPU.Build.0 = Debug|Any CPU
		{317C2C13-FAF7-4C63-B1D6-ADD7E8239627}.Release|Any CPU.ActiveCfg = Release|Any CPU
		{317C2C13-FAF7-4C63-B1D6-ADD7E8239627}.Release|Any CPU.Build.0 = Release|Any CPU
		{0697794B-66B6-430A-9744-D70F3F46DEBF}.Debug|Any CPU.ActiveCfg = Debug|Any CPU
		{0697794B-66B6-430A-9744-D70F3F46DEBF}.Debug|Any CPU.Build.0 = Debug|Any CPU
		{0697794B-66B6-430A-9744-D70F3F46DEBF}.Release|Any CPU.ActiveCfg = Release|Any CPU
		{0697794B-66B6-430A-9744-D70F3F46DEBF}.Release|Any CPU.Build.0 = Release|Any CPU
		{B67B232D-1F2D-4698-8517-4BE6BF3C3E2A}.Debug|Any CPU.ActiveCfg = Debug|Any CPU
		{B67B232D-1F2D-4698-8517-4BE6BF3C3E2A}.Debug|Any CPU.Build.0 = Debug|Any CPU
		{B67B232D-1F2D-4698-8517-4BE6BF3C3E2A}.Release|Any CPU.ActiveCfg = Release|Any CPU
		{B67B232D-1F2D-4698-8517-4BE6BF3C3E2A}.Release|Any CPU.Build.0 = Release|Any CPU
		{CA3E119F-C444-428A-B2FB-EEBE86F505FC}.Debug|Any CPU.ActiveCfg = Debug|Any CPU
		{CA3E119F-C444-428A-B2FB-EEBE86F505FC}.Debug|Any CPU.Build.0 = Debug|Any CPU
		{CA3E119F-C444-428A-B2FB-EEBE86F505FC}.Release|Any CPU.ActiveCfg = Release|Any CPU
		{CA3E119F-C444-428A-B2FB-EEBE86F505FC}.Release|Any CPU.Build.0 = Release|Any CPU
		{10EEAD4A-437F-409B-9B20-550A7085F502}.Debug|Any CPU.ActiveCfg = Debug|Any CPU
		{10EEAD4A-437F-409B-9B20-550A7085F502}.Debug|Any CPU.Build.0 = Debug|Any CPU
		{10EEAD4A-437F-409B-9B20-550A7085F502}.Release|Any CPU.ActiveCfg = Release|Any CPU
		{10EEAD4A-437F-409B-9B20-550A7085F502}.Release|Any CPU.Build.0 = Release|Any CPU
		{009FA5AA-0687-4FBD-9B6B-354E6A468EC9}.Debug|Any CPU.ActiveCfg = Debug|Any CPU
		{009FA5AA-0687-4FBD-9B6B-354E6A468EC9}.Debug|Any CPU.Build.0 = Debug|Any CPU
		{009FA5AA-0687-4FBD-9B6B-354E6A468EC9}.Release|Any CPU.ActiveCfg = Release|Any CPU
		{009FA5AA-0687-4FBD-9B6B-354E6A468EC9}.Release|Any CPU.Build.0 = Release|Any CPU
	EndGlobalSection
	GlobalSection(SolutionProperties) = preSolution
		HideSolutionNode = FALSE
	EndGlobalSection
	GlobalSection(NestedProjects) = preSolution
		{ED03C2BC-28A2-4987-B0BE-A179082F7BE9} = {661D9B8A-7695-46D0-A1B5-D22EC23C58A2}
		{5579A858-C4F8-4EC4-9B21-68B17C1CF762} = {27CF806D-1136-439A-AC79-E47A492B7A0B}
		{39B4AB03-0296-48AD-8393-28C1051D3726} = {27CF806D-1136-439A-AC79-E47A492B7A0B}
		{AB7998C8-1256-4EA7-ACB8-204A52177169} = {27CF806D-1136-439A-AC79-E47A492B7A0B}
		{B8685F46-AFE9-41C1-AEAB-E596667371CD} = {069730C3-9AC1-43FE-B0BE-1830CD7A6990}
		{317C2C13-FAF7-4C63-B1D6-ADD7E8239627} = {069730C3-9AC1-43FE-B0BE-1830CD7A6990}
		{0697794B-66B6-430A-9744-D70F3F46DEBF} = {069730C3-9AC1-43FE-B0BE-1830CD7A6990}
		{B67B232D-1F2D-4698-8517-4BE6BF3C3E2A} = {39601CFC-A851-45B5-B35F-E738CE7FF2F3}
		{CA3E119F-C444-428A-B2FB-EEBE86F505FC} = {39601CFC-A851-45B5-B35F-E738CE7FF2F3}
		{10EEAD4A-437F-409B-9B20-550A7085F502} = {1BEFEEDA-6934-4C2E-9185-821A83D1A8C6}
		{009FA5AA-0687-4FBD-9B6B-354E6A468EC9} = {1BEFEEDA-6934-4C2E-9185-821A83D1A8C6}
	EndGlobalSection
	GlobalSection(ExtensibilityGlobals) = postSolution
		SolutionGuid = {CC61D251-7B5D-4EFD-9065-12D91AF86A90}
	EndGlobalSection
EndGlobal
